// !$*UTF8*$!
{
	archiveVersion = 1;
	classes = {
	};
	objectVersion = 46;
	objects = {

/* Begin PBXBuildFile section */
		88E57CCC1E9CC074007311F7 /* AppDelegate.swift in Sources */ = {isa = PBXBuildFile; fileRef = 88E57CCB1E9CC074007311F7 /* AppDelegate.swift */; };
		88E57CD01E9CC074007311F7 /* Assets.xcassets in Resources */ = {isa = PBXBuildFile; fileRef = 88E57CCF1E9CC074007311F7 /* Assets.xcassets */; };
		88E57CDB1E9CC1D0007311F7 /* Content.plist in Resources */ = {isa = PBXBuildFile; fileRef = 88E57CDA1E9CC1D0007311F7 /* Content.plist */; };
		88E57CE01E9CC1F9007311F7 /* ContentCreator.swift in Sources */ = {isa = PBXBuildFile; fileRef = 88E57CDC1E9CC1F9007311F7 /* ContentCreator.swift */; };
		88E57CE11E9CC1F9007311F7 /* FolderGenerator.swift in Sources */ = {isa = PBXBuildFile; fileRef = 88E57CDD1E9CC1F9007311F7 /* FolderGenerator.swift */; };
		88E57CE21E9CC1F9007311F7 /* String.swift in Sources */ = {isa = PBXBuildFile; fileRef = 88E57CDE1E9CC1F9007311F7 /* String.swift */; };
		88E57CE61E9CC233007311F7 /* AssetCatalogCreator.swift in Sources */ = {isa = PBXBuildFile; fileRef = 88E57CE41E9CC233007311F7 /* AssetCatalogCreator.swift */; };
		88E57CE71E9CC233007311F7 /* AssetsGenerator.xib in Resources */ = {isa = PBXBuildFile; fileRef = 88E57CE51E9CC233007311F7 /* AssetsGenerator.xib */; };
		88E57CEA1E9CC5F2007311F7 /* MainMenu.xib in Resources */ = {isa = PBXBuildFile; fileRef = 88E57CE81E9CC5F2007311F7 /* MainMenu.xib */; };
/* End PBXBuildFile section */

/* Begin PBXFileReference section */
		88E57CC81E9CC074007311F7 /* Assets-Generator.app */ = {isa = PBXFileReference; explicitFileType = wrapper.application; includeInIndex = 0; path = "Assets-Generator.app"; sourceTree = BUILT_PRODUCTS_DIR; };
		88E57CCB1E9CC074007311F7 /* AppDelegate.swift */ = {isa = PBXFileReference; lastKnownFileType = sourcecode.swift; path = AppDelegate.swift; sourceTree = "<group>"; };
		88E57CCF1E9CC074007311F7 /* Assets.xcassets */ = {isa = PBXFileReference; lastKnownFileType = folder.assetcatalog; path = Assets.xcassets; sourceTree = "<group>"; };
		88E57CD41E9CC074007311F7 /* Info.plist */ = {isa = PBXFileReference; lastKnownFileType = text.plist.xml; path = Info.plist; sourceTree = "<group>"; };
		88E57CDA1E9CC1D0007311F7 /* Content.plist */ = {isa = PBXFileReference; fileEncoding = 4; lastKnownFileType = text.plist.xml; path = Content.plist; sourceTree = "<group>"; };
		88E57CDC1E9CC1F9007311F7 /* ContentCreator.swift */ = {isa = PBXFileReference; fileEncoding = 4; lastKnownFileType = sourcecode.swift; path = ContentCreator.swift; sourceTree = "<group>"; };
		88E57CDD1E9CC1F9007311F7 /* FolderGenerator.swift */ = {isa = PBXFileReference; fileEncoding = 4; lastKnownFileType = sourcecode.swift; path = FolderGenerator.swift; sourceTree = "<group>"; };
		88E57CDE1E9CC1F9007311F7 /* String.swift */ = {isa = PBXFileReference; fileEncoding = 4; lastKnownFileType = sourcecode.swift; path = String.swift; sourceTree = "<group>"; };
		88E57CE41E9CC233007311F7 /* AssetCatalogCreator.swift */ = {isa = PBXFileReference; fileEncoding = 4; lastKnownFileType = sourcecode.swift; path = AssetCatalogCreator.swift; sourceTree = "<group>"; };
		88E57CE51E9CC233007311F7 /* AssetsGenerator.xib */ = {isa = PBXFileReference; fileEncoding = 4; lastKnownFileType = file.xib; path = AssetsGenerator.xib; sourceTree = "<group>"; };
		88E57CE91E9CC5F2007311F7 /* Base */ = {isa = PBXFileReference; lastKnownFileType = file.xib; name = Base; path = Base.lproj/MainMenu.xib; sourceTree = "<group>"; };
/* End PBXFileReference section */

/* Begin PBXFrameworksBuildPhase section */
		88E57CC51E9CC074007311F7 /* Frameworks */ = {
			isa = PBXFrameworksBuildPhase;
			buildActionMask = 2147483647;
			files = (
			);
			runOnlyForDeploymentPostprocessing = 0;
		};
/* End PBXFrameworksBuildPhase section */

/* Begin PBXGroup section */
		88E57CBF1E9CC074007311F7 = {
			isa = PBXGroup;
			children = (
				88E57CCA1E9CC074007311F7 /* Assets-Generator */,
				88E57CC91E9CC074007311F7 /* Products */,
			);
			sourceTree = "<group>";
		};
		88E57CC91E9CC074007311F7 /* Products */ = {
			isa = PBXGroup;
			children = (
				88E57CC81E9CC074007311F7 /* Assets-Generator.app */,
			);
			name = Products;
			sourceTree = "<group>";
		};
		88E57CCA1E9CC074007311F7 /* Assets-Generator */ = {
			isa = PBXGroup;
			children = (
				88E57CE41E9CC233007311F7 /* AssetCatalogCreator.swift */,
				88E57CE51E9CC233007311F7 /* AssetsGenerator.xib */,
				88E57CCB1E9CC074007311F7 /* AppDelegate.swift */,
				88E57CDC1E9CC1F9007311F7 /* ContentCreator.swift */,
				88E57CDD1E9CC1F9007311F7 /* FolderGenerator.swift */,
				88E57CDE1E9CC1F9007311F7 /* String.swift */,
				88E57CCF1E9CC074007311F7 /* Assets.xcassets */,
				88E57CE81E9CC5F2007311F7 /* MainMenu.xib */,
				88E57CD41E9CC074007311F7 /* Info.plist */,
				88E57CDA1E9CC1D0007311F7 /* Content.plist */,
			);
			path = "Assets-Generator";
			sourceTree = "<group>";
		};
/* End PBXGroup section */

/* Begin PBXNativeTarget section */
		88E57CC71E9CC074007311F7 /* Assets-Generator */ = {
			isa = PBXNativeTarget;
			buildConfigurationList = 88E57CD71E9CC074007311F7 /* Build configuration list for PBXNativeTarget "Assets-Generator" */;
			buildPhases = (
				88E57CC41E9CC074007311F7 /* Sources */,
				88E57CC51E9CC074007311F7 /* Frameworks */,
				88E57CC61E9CC074007311F7 /* Resources */,
			);
			buildRules = (
			);
			dependencies = (
			);
			name = "Assets-Generator";
			productName = "Assets-Generator";
			productReference = 88E57CC81E9CC074007311F7 /* Assets-Generator.app */;
			productType = "com.apple.product-type.application";
		};
/* End PBXNativeTarget section */

/* Begin PBXProject section */
		88E57CC01E9CC074007311F7 /* Project object */ = {
			isa = PBXProject;
			attributes = {
				LastSwiftUpdateCheck = 0830;
				LastUpgradeCheck = 0900;
				ORGANIZATIONNAME = PeakGames;
				TargetAttributes = {
					88E57CC71E9CC074007311F7 = {
						CreatedOnToolsVersion = 8.3;
						LastSwiftMigration = 0900;
						ProvisioningStyle = Automatic;
					};
				};
			};
			buildConfigurationList = 88E57CC31E9CC074007311F7 /* Build configuration list for PBXProject "Assets-Generator" */;
			compatibilityVersion = "Xcode 3.2";
			developmentRegion = English;
			hasScannedForEncodings = 0;
			knownRegions = (
				en,
				Base,
			);
			mainGroup = 88E57CBF1E9CC074007311F7;
			productRefGroup = 88E57CC91E9CC074007311F7 /* Products */;
			projectDirPath = "";
			projectRoot = "";
			targets = (
				88E57CC71E9CC074007311F7 /* Assets-Generator */,
			);
		};
/* End PBXProject section */

/* Begin PBXResourcesBuildPhase section */
		88E57CC61E9CC074007311F7 /* Resources */ = {
			isa = PBXResourcesBuildPhase;
			buildActionMask = 2147483647;
			files = (
				88E57CE71E9CC233007311F7 /* AssetsGenerator.xib in Resources */,
				88E57CEA1E9CC5F2007311F7 /* MainMenu.xib in Resources */,
				88E57CD01E9CC074007311F7 /* Assets.xcassets in Resources */,
				88E57CDB1E9CC1D0007311F7 /* Content.plist in Resources */,
			);
			runOnlyForDeploymentPostprocessing = 0;
		};
/* End PBXResourcesBuildPhase section */

/* Begin PBXSourcesBuildPhase section */
		88E57CC41E9CC074007311F7 /* Sources */ = {
			isa = PBXSourcesBuildPhase;
			buildActionMask = 2147483647;
			files = (
				88E57CCC1E9CC074007311F7 /* AppDelegate.swift in Sources */,
				88E57CE21E9CC1F9007311F7 /* String.swift in Sources */,
				88E57CE01E9CC1F9007311F7 /* ContentCreator.swift in Sources */,
				88E57CE61E9CC233007311F7 /* AssetCatalogCreator.swift in Sources */,
				88E57CE11E9CC1F9007311F7 /* FolderGenerator.swift in Sources */,
			);
			runOnlyForDeploymentPostprocessing = 0;
		};
/* End PBXSourcesBuildPhase section */

/* Begin PBXVariantGroup section */
		88E57CE81E9CC5F2007311F7 /* MainMenu.xib */ = {
			isa = PBXVariantGroup;
			children = (
				88E57CE91E9CC5F2007311F7 /* Base */,
			);
			name = MainMenu.xib;
			sourceTree = "<group>";
		};
/* End PBXVariantGroup section */

/* Begin XCBuildConfiguration section */
		88E57CD51E9CC074007311F7 /* Debug */ = {
			isa = XCBuildConfiguration;
			buildSettings = {
				ALWAYS_SEARCH_USER_PATHS = NO;
				CLANG_ANALYZER_NONNULL = YES;
				CLANG_ANALYZER_NUMBER_OBJECT_CONVERSION = YES_AGGRESSIVE;
				CLANG_CXX_LANGUAGE_STANDARD = "gnu++0x";
				CLANG_CXX_LIBRARY = "libc++";
				CLANG_ENABLE_MODULES = YES;
				CLANG_ENABLE_OBJC_ARC = YES;
				CLANG_WARN_BLOCK_CAPTURE_AUTORELEASING = YES;
				CLANG_WARN_BOOL_CONVERSION = YES;
				CLANG_WARN_COMMA = YES;
				CLANG_WARN_CONSTANT_CONVERSION = YES;
				CLANG_WARN_DIRECT_OBJC_ISA_USAGE = YES_ERROR;
				CLANG_WARN_DOCUMENTATION_COMMENTS = YES;
				CLANG_WARN_EMPTY_BODY = YES;
				CLANG_WARN_ENUM_CONVERSION = YES;
				CLANG_WARN_INFINITE_RECURSION = YES;
				CLANG_WARN_INT_CONVERSION = YES;
				CLANG_WARN_NON_LITERAL_NULL_CONVERSION = YES;
				CLANG_WARN_OBJC_LITERAL_CONVERSION = YES;
				CLANG_WARN_OBJC_ROOT_CLASS = YES_ERROR;
				CLANG_WARN_RANGE_LOOP_ANALYSIS = YES;
				CLANG_WARN_STRICT_PROTOTYPES = YES;
				CLANG_WARN_SUSPICIOUS_MOVE = YES;
				CLANG_WARN_UNREACHABLE_CODE = YES;
				CLANG_WARN__DUPLICATE_METHOD_MATCH = YES;
				CODE_SIGN_IDENTITY = "-";
				COPY_PHASE_STRIP = NO;
				DEBUG_INFORMATION_FORMAT = dwarf;
				ENABLE_STRICT_OBJC_MSGSEND = YES;
				ENABLE_TESTABILITY = YES;
				GCC_C_LANGUAGE_STANDARD = gnu99;
				GCC_DYNAMIC_NO_PIC = NO;
				GCC_NO_COMMON_BLOCKS = YES;
				GCC_OPTIMIZATION_LEVEL = 0;
				GCC_PREPROCESSOR_DEFINITIONS = (
					"DEBUG=1",
					"$(inherited)",
				);
				GCC_WARN_64_TO_32_BIT_CONVERSION = YES;
				GCC_WARN_ABOUT_RETURN_TYPE = YES_ERROR;
				GCC_WARN_UNDECLARED_SELECTOR = YES;
				GCC_WARN_UNINITIALIZED_AUTOS = YES_AGGRESSIVE;
				GCC_WARN_UNUSED_FUNCTION = YES;
				GCC_WARN_UNUSED_VARIABLE = YES;
				MACOSX_DEPLOYMENT_TARGET = 10.10;
				MTL_ENABLE_DEBUG_INFO = YES;
				ONLY_ACTIVE_ARCH = YES;
				SDKROOT = macosx;
				SWIFT_ACTIVE_COMPILATION_CONDITIONS = DEBUG;
				SWIFT_OPTIMIZATION_LEVEL = "-Onone";
				SWIFT_SWIFT3_OBJC_INFERENCE = Off;
			};
			name = Debug;
		};
		88E57CD61E9CC074007311F7 /* Release */ = {
			isa = XCBuildConfiguration;
			buildSettings = {
				ALWAYS_SEARCH_USER_PATHS = NO;
				CLANG_ANALYZER_NONNULL = YES;
				CLANG_ANALYZER_NUMBER_OBJECT_CONVERSION = YES_AGGRESSIVE;
				CLANG_CXX_LANGUAGE_STANDARD = "gnu++0x";
				CLANG_CXX_LIBRARY = "libc++";
				CLANG_ENABLE_MODULES = YES;
				CLANG_ENABLE_OBJC_ARC = YES;
				CLANG_WARN_BLOCK_CAPTURE_AUTORELEASING = YES;
				CLANG_WARN_BOOL_CONVERSION = YES;
				CLANG_WARN_COMMA = YES;
				CLANG_WARN_CONSTANT_CONVERSION = YES;
				CLANG_WARN_DIRECT_OBJC_ISA_USAGE = YES_ERROR;
				CLANG_WARN_DOCUMENTATION_COMMENTS = YES;
				CLANG_WARN_EMPTY_BODY = YES;
				CLANG_WARN_ENUM_CONVERSION = YES;
				CLANG_WARN_INFINITE_RECURSION = YES;
				CLANG_WARN_INT_CONVERSION = YES;
				CLANG_WARN_NON_LITERAL_NULL_CONVERSION = YES;
				CLANG_WARN_OBJC_LITERAL_CONVERSION = YES;
				CLANG_WARN_OBJC_ROOT_CLASS = YES_ERROR;
				CLANG_WARN_RANGE_LOOP_ANALYSIS = YES;
				CLANG_WARN_STRICT_PROTOTYPES = YES;
				CLANG_WARN_SUSPICIOUS_MOVE = YES;
				CLANG_WARN_UNREACHABLE_CODE = YES;
				CLANG_WARN__DUPLICATE_METHOD_MATCH = YES;
				CODE_SIGN_IDENTITY = "-";
				COPY_PHASE_STRIP = NO;
				DEBUG_INFORMATION_FORMAT = "dwarf-with-dsym";
				ENABLE_NS_ASSERTIONS = NO;
				ENABLE_STRICT_OBJC_MSGSEND = YES;
				GCC_C_LANGUAGE_STANDARD = gnu99;
				GCC_NO_COMMON_BLOCKS = YES;
				GCC_WARN_64_TO_32_BIT_CONVERSION = YES;
				GCC_WARN_ABOUT_RETURN_TYPE = YES_ERROR;
				GCC_WARN_UNDECLARED_SELECTOR = YES;
				GCC_WARN_UNINITIALIZED_AUTOS = YES_AGGRESSIVE;
				GCC_WARN_UNUSED_FUNCTION = YES;
				GCC_WARN_UNUSED_VARIABLE = YES;
				MACOSX_DEPLOYMENT_TARGET = 10.10;
				MTL_ENABLE_DEBUG_INFO = NO;
				SDKROOT = macosx;
				SWIFT_OPTIMIZATION_LEVEL = "-Owholemodule";
				SWIFT_SWIFT3_OBJC_INFERENCE = Off;
			};
			name = Release;
		};
		88E57CD81E9CC074007311F7 /* Debug */ = {
			isa = XCBuildConfiguration;
			buildSettings = {
				ASSETCATALOG_COMPILER_APPICON_NAME = AppIcon;
				CODE_SIGN_IDENTITY = "Mac Developer";
				COMBINE_HIDPI_IMAGES = YES;
				DEVELOPMENT_TEAM = "";
				INFOPLIST_FILE = "Assets-Generator/Info.plist";
				LD_RUNPATH_SEARCH_PATHS = "$(inherited) @executable_path/../Frameworks";
				PRODUCT_BUNDLE_IDENTIFIER = "com.erendemirbuken.Assets-Generator";
				PRODUCT_NAME = "$(TARGET_NAME)";
				PROVISIONING_PROFILE_SPECIFIER = "";
				SWIFT_SWIFT3_OBJC_INFERENCE = Off;
				SWIFT_VERSION = 4.0;
			};
			name = Debug;
		};
		88E57CD91E9CC074007311F7 /* Release */ = {
			isa = XCBuildConfiguration;
			buildSettings = {
				ASSETCATALOG_COMPILER_APPICON_NAME = AppIcon;
				CODE_SIGN_IDENTITY = "Mac Developer";
				COMBINE_HIDPI_IMAGES = YES;
				DEVELOPMENT_TEAM = "";
				INFOPLIST_FILE = "Assets-Generator/Info.plist";
				LD_RUNPATH_SEARCH_PATHS = "$(inherited) @executable_path/../Frameworks";
				PRODUCT_BUNDLE_IDENTIFIER = "com.erendemirbuken.Assets-Generator";
				PRODUCT_NAME = "$(TARGET_NAME)";
				PROVISIONING_PROFILE_SPECIFIER = "";
				SWIFT_SWIFT3_OBJC_INFERENCE = Off;
				SWIFT_VERSION = 4.0;
			};
			name = Release;
		};
/* End XCBuildConfiguration section */

/* Begin XCConfigurationList section */
		88E57CC31E9CC074007311F7 /* Build configuration list for PBXProject "Assets-Generator" */ = {
			isa = XCConfigurationList;
			buildConfigurations = (
				88E57CD51E9CC074007311F7 /* Debug */,
				88E57CD61E9CC074007311F7 /* Release */,
			);
			defaultConfigurationIsVisible = 0;
			defaultConfigurationName = Release;
		};
		88E57CD71E9CC074007311F7 /* Build configuration list for PBXNativeTarget "Assets-Generator" */ = {
			isa = XCConfigurationList;
			buildConfigurations = (
				88E57CD81E9CC074007311F7 /* Debug */,
				88E57CD91E9CC074007311F7 /* Release */,
			);
			defaultConfigurationIsVisible = 0;
			defaultConfigurationName = Release;
		};
/* End XCConfigurationList section */
	};
	rootObject = 88E57CC01E9CC074007311F7 /* Project object */;
}
